
Microsoft Visual Studio Solution File, Format Version 12.00
# Visual Studio Version 16
VisualStudioVersion = 16.0.30002.166
MinimumVisualStudioVersion = 10.0.40219.1
Project("{FAE04EC0-301F-11D3-BF4B-00C04F79EFBC}") = "DevBlogs", "DevBlogs\DevBlogs.csproj", "{FB73D9A0-69FA-4E33-B1EC-AFE6F90BC562}"
EndProject
Global
	GlobalSection(SolutionConfigurationPlatforms) = preSolution
		Debug|Any CPU = Debug|Any CPU
		Release|Any CPU = Release|Any CPU
	EndGlobalSection
	GlobalSection(ProjectConfigurationPlatforms) = postSolution
		{FB73D9A0-69FA-4E33-B1EC-AFE6F90BC562}.Debug|Any CPU.ActiveCfg = Debug|Any CPU
		{FB73D9A0-69FA-4E33-B1EC-AFE6F90BC562}.Debug|Any CPU.Build.0 = Debug|Any CPU
		{FB73D9A0-69FA-4E33-B1EC-AFE6F90BC562}.Release|Any CPU.ActiveCfg = Release|Any CPU
		{FB73D9A0-69FA-4E33-B1EC-AFE6F90BC562}.Release|Any CPU.Build.0 = Release|Any CPU
	EndGlobalSection
	GlobalSection(SolutionProperties) = preSolution
		HideSolutionNode = FALSE
	EndGlobalSection
	GlobalSection(ExtensibilityGlobals) = postSolution
		SolutionGuid = {A435B42F-BF95-438F-9CAC-E6EBFAC62633}
	EndGlobalSection
EndGlobal
